// !$*UTF8*$!
{
	archiveVersion = 1;
	classes = {
	};
	objectVersion = 77;
	objects = {

/* Begin PBXContainerItemProxy section */
		045377AF2D393B9900B09864 /* PBXContainerItemProxy */ = {
			isa = PBXContainerItemProxy;
			containerPortal = 045377902D393B9700B09864 /* Project object */;
			proxyType = 1;
			remoteGlobalIDString = 045377972D393B9700B09864;
			remoteInfo = MyMovieAppNoftz;
		};
		045377B92D393B9900B09864 /* PBXContainerItemProxy */ = {
			isa = PBXContainerItemProxy;
			containerPortal = 045377902D393B9700B09864 /* Project object */;
			proxyType = 1;
			remoteGlobalIDString = 045377972D393B9700B09864;
			remoteInfo = MyMovieAppNoftz;
		};
/* End PBXContainerItemProxy section */

/* Begin PBXFileReference section */
		045377982D393B9700B09864 /* MyMovieAppNoftz.app */ = {isa = PBXFileReference; explicitFileType = wrapper.application; includeInIndex = 0; path = MyMovieAppNoftz.app; sourceTree = BUILT_PRODUCTS_DIR; };
		045377AE2D393B9900B09864 /* MyMovieAppNoftzTests.xctest */ = {isa = PBXFileReference; explicitFileType = wrapper.cfbundle; includeInIndex = 0; path = MyMovieAppNoftzTests.xctest; sourceTree = BUILT_PRODUCTS_DIR; };
		045377B82D393B9900B09864 /* MyMovieAppNoftzUITests.xctest */ = {isa = PBXFileReference; explicitFileType = wrapper.cfbundle; includeInIndex = 0; path = MyMovieAppNoftzUITests.xctest; sourceTree = BUILT_PRODUCTS_DIR; };
/* End PBXFileReference section */

/* Begin PBXFileSystemSynchronizedBuildFileExceptionSet section */
		045377C02D393B9900B09864 /* Exceptions for "MyMovieAppNoftz" folder in "MyMovieAppNoftz" target */ = {
			isa = PBXFileSystemSynchronizedBuildFileExceptionSet;
			membershipExceptions = (
				Info.plist,
			);
			target = 045377972D393B9700B09864 /* MyMovieAppNoftz */;
		};
/* End PBXFileSystemSynchronizedBuildFileExceptionSet section */

/* Begin PBXFileSystemSynchronizedRootGroup section */
		0453779A2D393B9700B09864 /* MyMovieAppNoftz */ = {
			isa = PBXFileSystemSynchronizedRootGroup;
			exceptions = (
				045377C02D393B9900B09864 /* Exceptions for "MyMovieAppNoftz" folder in "MyMovieAppNoftz" target */,
			);
			path = MyMovieAppNoftz;
			sourceTree = "<group>";
		};
		045377B12D393B9900B09864 /* MyMovieAppNoftzTests */ = {
			isa = PBXFileSystemSynchronizedRootGroup;
			path = MyMovieAppNoftzTests;
			sourceTree = "<group>";
		};
		045377BB2D393B9900B09864 /* MyMovieAppNoftzUITests */ = {
			isa = PBXFileSystemSynchronizedRootGroup;
			path = MyMovieAppNoftzUITests;
			sourceTree = "<group>";
		};
/* End PBXFileSystemSynchronizedRootGroup section */

/* Begin PBXFrameworksBuildPhase section */
		045377952D393B9700B09864 /* Frameworks */ = {
			isa = PBXFrameworksBuildPhase;
			buildActionMask = 2147483647;
			files = (
			);
			runOnlyForDeploymentPostprocessing = 0;
		};
		045377AB2D393B9900B09864 /* Frameworks */ = {
			isa = PBXFrameworksBuildPhase;
			buildActionMask = 2147483647;
			files = (
			);
			runOnlyForDeploymentPostprocessing = 0;
		};
		045377B52D393B9900B09864 /* Frameworks */ = {
			isa = PBXFrameworksBuildPhase;
			buildActionMask = 2147483647;
			files = (
			);
			runOnlyForDeploymentPostprocessing = 0;
		};
/* End PBXFrameworksBuildPhase section */

/* Begin PBXGroup section */
		0453778F2D393B9700B09864 = {
			isa = PBXGroup;
			children = (
				0453779A2D393B9700B09864 /* MyMovieAppNoftz */,
				045377B12D393B9900B09864 /* MyMovieAppNoftzTests */,
				045377BB2D393B9900B09864 /* MyMovieAppNoftzUITests */,
				045377992D393B9700B09864 /* Products */,
			);
			sourceTree = "<group>";
		};
		045377992D393B9700B09864 /* Products */ = {
			isa = PBXGroup;
			children = (
				045377982D393B9700B09864 /* MyMovieAppNoftz.app */,
				045377AE2D393B9900B09864 /* MyMovieAppNoftzTests.xctest */,
				045377B82D393B9900B09864 /* MyMovieAppNoftzUITests.xctest */,
			);
			name = Products;
			sourceTree = "<group>";
		};
/* End PBXGroup section */

/* Begin PBXNativeTarget section */
		045377972D393B9700B09864 /* MyMovieAppNoftz */ = {
			isa = PBXNativeTarget;
			buildConfigurationList = 045377C12D393B9900B09864 /* Build configuration list for PBXNativeTarget "MyMovieAppNoftz" */;
			buildPhases = (
				045377942D393B9700B09864 /* Sources */,
				045377952D393B9700B09864 /* Frameworks */,
				045377962D393B9700B09864 /* Resources */,
			);
			buildRules = (
			);
			dependencies = (
			);
			fileSystemSynchronizedGroups = (
				0453779A2D393B9700B09864 /* MyMovieAppNoftz */,
			);
			name = MyMovieAppNoftz;
			packageProductDependencies = (
			);
			productName = MyMovieAppNoftz;
			productReference = 045377982D393B9700B09864 /* MyMovieAppNoftz.app */;
			productType = "com.apple.product-type.application";
		};
		045377AD2D393B9900B09864 /* MyMovieAppNoftzTests */ = {
			isa = PBXNativeTarget;
			buildConfigurationList = 045377C62D393B9900B09864 /* Build configuration list for PBXNativeTarget "MyMovieAppNoftzTests" */;
			buildPhases = (
				045377AA2D393B9900B09864 /* Sources */,
				045377AB2D393B9900B09864 /* Frameworks */,
				045377AC2D393B9900B09864 /* Resources */,
			);
			buildRules = (
			);
			dependencies = (
				045377B02D393B9900B09864 /* PBXTargetDependency */,
			);
			fileSystemSynchronizedGroups = (
				045377B12D393B9900B09864 /* MyMovieAppNoftzTests */,
			);
			name = MyMovieAppNoftzTests;
			packageProductDependencies = (
			);
			productName = MyMovieAppNoftzTests;
			productReference = 045377AE2D393B9900B09864 /* MyMovieAppNoftzTests.xctest */;
			productType = "com.apple.product-type.bundle.unit-test";
		};
		045377B72D393B9900B09864 /* MyMovieAppNoftzUITests */ = {
			isa = PBXNativeTarget;
			buildConfigurationList = 045377C92D393B9900B09864 /* Build configuration list for PBXNativeTarget "MyMovieAppNoftzUITests" */;
			buildPhases = (
				045377B42D393B9900B09864 /* Sources */,
				045377B52D393B9900B09864 /* Frameworks */,
				045377B62D393B9900B09864 /* Resources */,
			);
			buildRules = (
			);
			dependencies = (
				045377BA2D393B9900B09864 /* PBXTargetDependency */,
			);
			fileSystemSynchronizedGroups = (
				045377BB2D393B9900B09864 /* MyMovieAppNoftzUITests */,
			);
			name = MyMovieAppNoftzUITests;
			packageProductDependencies = (
			);
			productName = MyMovieAppNoftzUITests;
			productReference = 045377B82D393B9900B09864 /* MyMovieAppNoftzUITests.xctest */;
			productType = "com.apple.product-type.bundle.ui-testing";
		};
/* End PBXNativeTarget section */

/* Begin PBXProject section */
		045377902D393B9700B09864 /* Project object */ = {
			isa = PBXProject;
			attributes = {
				BuildIndependentTargetsInParallel = 1;
				LastSwiftUpdateCheck = 1620;
				LastUpgradeCheck = 1620;
				TargetAttributes = {
					045377972D393B9700B09864 = {
						CreatedOnToolsVersion = 16.2;
					};
					045377AD2D393B9900B09864 = {
						CreatedOnToolsVersion = 16.2;
						TestTargetID = 045377972D393B9700B09864;
					};
					045377B72D393B9900B09864 = {
						CreatedOnToolsVersion = 16.2;
						TestTargetID = 045377972D393B9700B09864;
					};
				};
			};
			buildConfigurationList = 045377932D393B9700B09864 /* Build configuration list for PBXProject "MyMovieAppNoftz" */;
			developmentRegion = en;
			hasScannedForEncodings = 0;
			knownRegions = (
				en,
				Base,
			);
			mainGroup = 0453778F2D393B9700B09864;
			minimizedProjectReferenceProxies = 1;
			preferredProjectObjectVersion = 77;
			productRefGroup = 045377992D393B9700B09864 /* Products */;
			projectDirPath = "";
			projectRoot = "";
			targets = (
				045377972D393B9700B09864 /* MyMovieAppNoftz */,
				045377AD2D393B9900B09864 /* MyMovieAppNoftzTests */,
				045377B72D393B9900B09864 /* MyMovieAppNoftzUITests */,
			);
		};
/* End PBXProject section */

/* Begin PBXResourcesBuildPhase section */
		045377962D393B9700B09864 /* Resources */ = {
			isa = PBXResourcesBuildPhase;
			buildActionMask = 2147483647;
			files = (
			);
			runOnlyForDeploymentPostprocessing = 0;
		};
		045377AC2D393B9900B09864 /* Resources */ = {
			isa = PBXResourcesBuildPhase;
			buildActionMask = 2147483647;
			files = (
			);
			runOnlyForDeploymentPostprocessing = 0;
		};
		045377B62D393B9900B09864 /* Resources */ = {
			isa = PBXResourcesBuildPhase;
			buildActionMask = 2147483647;
			files = (
			);
			runOnlyForDeploymentPostprocessing = 0;
		};
/* End PBXResourcesBuildPhase section */

/* Begin PBXSourcesBuildPhase section */
		045377942D393B9700B09864 /* Sources */ = {
			isa = PBXSourcesBuildPhase;
			buildActionMask = 2147483647;
			files = (
			);
			runOnlyForDeploymentPostprocessing = 0;
		};
		045377AA2D393B9900B09864 /* Sources */ = {
			isa = PBXSourcesBuildPhase;
			buildActionMask = 2147483647;
			files = (
			);
			runOnlyForDeploymentPostprocessing = 0;
		};
		045377B42D393B9900B09864 /* Sources */ = {
			isa = PBXSourcesBuildPhase;
			buildActionMask = 2147483647;
			files = (
			);
			runOnlyForDeploymentPostprocessing = 0;
		};
/* End PBXSourcesBuildPhase section */

/* Begin PBXTargetDependency section */
		045377B02D393B9900B09864 /* PBXTargetDependency */ = {
			isa = PBXTargetDependency;
			target = 045377972D393B9700B09864 /* MyMovieAppNoftz */;
			targetProxy = 045377AF2D393B9900B09864 /* PBXContainerItemProxy */;
		};
		045377BA2D393B9900B09864 /* PBXTargetDependency */ = {
			isa = PBXTargetDependency;
			target = 045377972D393B9700B09864 /* MyMovieAppNoftz */;
			targetProxy = 045377B92D393B9900B09864 /* PBXContainerItemProxy */;
		};
/* End PBXTargetDependency section */

/* Begin XCBuildConfiguration section */
		045377C22D393B9900B09864 /* Debug */ = {
			isa = XCBuildConfiguration;
			buildSettings = {
				ASSETCATALOG_COMPILER_APPICON_NAME = AppIcon;
				ASSETCATALOG_COMPILER_GLOBAL_ACCENT_COLOR_NAME = AccentColor;
				CODE_SIGN_STYLE = Automatic;
				CURRENT_PROJECT_VERSION = 1;
				GENERATE_INFOPLIST_FILE = YES;
				INFOPLIST_FILE = MyMovieAppNoftz/Info.plist;
				INFOPLIST_KEY_UIApplicationSupportsIndirectInputEvents = YES;
				INFOPLIST_KEY_UILaunchStoryboardName = LaunchScreen;
				INFOPLIST_KEY_UIMainStoryboardFile = Main;
				INFOPLIST_KEY_UISupportedInterfaceOrientations_iPad = "UIInterfaceOrientationPortrait UIInterfaceOrientationPortraitUpsideDown UIInterfaceOrientationLandscapeLeft UIInterfaceOrientationLandscapeRight";
				INFOPLIST_KEY_UISupportedInterfaceOrientations_iPhone = "UIInterfaceOrientationPortrait UIInterfaceOrientationLandscapeLeft UIInterfaceOrientationLandscapeRight";
				LD_RUNPATH_SEARCH_PATHS = (
					"$(inherited)",
					"@executable_path/Frameworks",
				);
				MARKETING_VERSION = 1.0;
				PRODUCT_BUNDLE_IDENTIFIER = clc.MyMovieAppNoftz;
				PRODUCT_NAME = "$(TARGET_NAME)";
				SWIFT_EMIT_LOC_STRINGS = YES;
				SWIFT_VERSION = 5.0;
				TARGETED_DEVICE_FAMILY = "1,2";
			};
			name = Debug;
		};
		045377C32D393B9900B09864 /* Release */ = {
			isa = XCBuildConfiguration;
			buildSettings = {
				ASSETCATALOG_COMPILER_APPICON_NAME = AppIcon;
				ASSETCATALOG_COMPILER_GLOBAL_ACCENT_COLOR_NAME = AccentColor;
				CODE_SIGN_STYLE = Automatic;
				CURRENT_PROJECT_VERSION = 1;
				GENERATE_INFOPLIST_FILE = YES;
				INFOPLIST_FILE = MyMovieAppNoftz/Info.plist;
				INFOPLIST_KEY_UIApplicationSupportsIndirectInputEvents = YES;
				INFOPLIST_KEY_UILaunchStoryboardName = LaunchScreen;
				INFOPLIST_KEY_UIMainStoryboardFile = Main;
				INFOPLIST_KEY_UISupportedInterfaceOrientations_iPad = "UIInterfaceOrientationPortrait UIInterfaceOrientationPortraitUpsideDown UIInterfaceOrientationLandscapeLeft UIInterfaceOrientationLandscapeRight";
				INFOPLIST_KEY_UISupportedInterfaceOrientations_iPhone = "UIInterfaceOrientationPortrait UIInterfaceOrientationLandscapeLeft UIInterfaceOrientationLandscapeRight";
				LD_RUNPATH_SEARCH_PATHS = (
					"$(inherited)",
					"@executable_path/Frameworks",
				);
				MARKETING_VERSION = 1.0;
				PRODUCT_BUNDLE_IDENTIFIER = clc.MyMovieAppNoftz;
				PRODUCT_NAME = "$(TARGET_NAME)";
				SWIFT_EMIT_LOC_STRINGS = YES;
				SWIFT_VERSION = 5.0;
				TARGETED_DEVICE_FAMILY = "1,2";
			};
			name = Release;
		};
		045377C42D393B9900B09864 /* Debug */ = {
			isa = XCBuildConfiguration;
			buildSettings = {
				ALWAYS_SEARCH_USER_PATHS = NO;
				ASSETCATALOG_COMPILER_GENERATE_SWIFT_ASSET_SYMBOL_EXTENSIONS = YES;
				CLANG_ANALYZER_NONNULL = YES;
				CLANG_ANALYZER_NUMBER_OBJECT_CONVERSION = YES_AGGRESSIVE;
				CLANG_CXX_LANGUAGE_STANDARD = "gnu++20";
				CLANG_ENABLE_MODULES = YES;
				CLANG_ENABLE_OBJC_ARC = YES;
				CLANG_ENABLE_OBJC_WEAK = YES;
				CLANG_WARN_BLOCK_CAPTURE_AUTORELEASING = YES;
				CLANG_WARN_BOOL_CONVERSION = YES;
				CLANG_WARN_COMMA = YES;
				CLANG_WARN_CONSTANT_CONVERSION = YES;
				CLANG_WARN_DEPRECATED_OBJC_IMPLEMENTATIONS = YES;
				CLANG_WARN_DIRECT_OBJC_ISA_USAGE = YES_ERROR;
				CLANG_WARN_DOCUMENTATION_COMMENTS = YES;
				CLANG_WARN_EMPTY_BODY = YES;
				CLANG_WARN_ENUM_CONVERSION = YES;
				CLANG_WARN_INFINITE_RECURSION = YES;
				CLANG_WARN_INT_CONVERSION = YES;
				CLANG_WARN_NON_LITERAL_NULL_CONVERSION = YES;
				CLANG_WARN_OBJC_IMPLICIT_RETAIN_SELF = YES;
				CLANG_WARN_OBJC_LITERAL_CONVERSION = YES;
				CLANG_WARN_OBJC_ROOT_CLASS = YES_ERROR;
				CLANG_WARN_QUOTED_INCLUDE_IN_FRAMEWORK_HEADER = YES;
				CLANG_WARN_RANGE_LOOP_ANALYSIS = YES;
				CLANG_WARN_STRICT_PROTOTYPES = YES;
				CLANG_WARN_SUSPICIOUS_MOVE = YES;
				CLANG_WARN_UNGUARDED_AVAILABILITY = YES_AGGRESSIVE;
				CLANG_WARN_UNREACHABLE_CODE = YES;
				CLANG_WARN__DUPLICATE_METHOD_MATCH = YES;
				COPY_PHASE_STRIP = NO;
				DEBUG_INFORMATION_FORMAT = dwarf;
				ENABLE_STRICT_OBJC_MSGSEND = YES;
				ENABLE_TESTABILITY = YES;
				ENABLE_USER_SCRIPT_SANDBOXING = YES;
				GCC_C_LANGUAGE_STANDARD = gnu17;
				GCC_DYNAMIC_NO_PIC = NO;
				GCC_NO_COMMON_BLOCKS = YES;
				GCC_OPTIMIZATION_LEVEL = 0;
				GCC_PREPROCESSOR_DEFINITIONS = (
					"DEBUG=1",
					"$(inherited)",
				);
				GCC_WARN_64_TO_32_BIT_CONVERSION = YES;
				GCC_WARN_ABOUT_RETURN_TYPE = YES_ERROR;
				GCC_WARN_UNDECLARED_SELECTOR = YES;
				GCC_WARN_UNINITIALIZED_AUTOS = YES_AGGRESSIVE;
				GCC_WARN_UNUSED_FUNCTION = YES;
				GCC_WARN_UNUSED_VARIABLE = YES;
				IPHONEOS_DEPLOYMENT_TARGET = 18.2;
				LOCALIZATION_PREFERS_STRING_CATALOGS = YES;
				MTL_ENABLE_DEBUG_INFO = INCLUDE_SOURCE;
				MTL_FAST_MATH = YES;
				ONLY_ACTIVE_ARCH = YES;
				SDKROOT = iphoneos;
				SWIFT_ACTIVE_COMPILATION_CONDITIONS = "DEBUG $(inherited)";
				SWIFT_OPTIMIZATION_LEVEL = "-Onone";
			};
			name = Debug;
		};
		045377C52D393B9900B09864 /* Release */ = {
			isa = XCBuildConfiguration;
			buildSettings = {
				ALWAYS_SEARCH_USER_PATHS = NO;
				ASSETCATALOG_COMPILER_GENERATE_SWIFT_ASSET_SYMBOL_EXTENSIONS = YES;
				CLANG_ANALYZER_NONNULL = YES;
				CLANG_ANALYZER_NUMBER_OBJECT_CONVERSION = YES_AGGRESSIVE;
				CLANG_CXX_LANGUAGE_STANDARD = "gnu++20";
				CLANG_ENABLE_MODULES = YES;
				CLANG_ENABLE_OBJC_ARC = YES;
				CLANG_ENABLE_OBJC_WEAK = YES;
				CLANG_WARN_BLOCK_CAPTURE_AUTORELEASING = YES;
				CLANG_WARN_BOOL_CONVERSION = YES;
				CLANG_WARN_COMMA = YES;
				CLANG_WARN_CONSTANT_CONVERSION = YES;
				CLANG_WARN_DEPRECATED_OBJC_IMPLEMENTATIONS = YES;
				CLANG_WARN_DIRECT_OBJC_ISA_USAGE = YES_ERROR;
				CLANG_WARN_DOCUMENTATION_COMMENTS = YES;
				CLANG_WARN_EMPTY_BODY = YES;
				CLANG_WARN_ENUM_CONVERSION = YES;
				CLANG_WARN_INFINITE_RECURSION = YES;
				CLANG_WARN_INT_CONVERSION = YES;
				CLANG_WARN_NON_LITERAL_NULL_CONVERSION = YES;
				CLANG_WARN_OBJC_IMPLICIT_RETAIN_SELF = YES;
				CLANG_WARN_OBJC_LITERAL_CONVERSION = YES;
				CLANG_WARN_OBJC_ROOT_CLASS = YES_ERROR;
				CLANG_WARN_QUOTED_INCLUDE_IN_FRAMEWORK_HEADER = YES;
				CLANG_WARN_RANGE_LOOP_ANALYSIS = YES;
				CLANG_WARN_STRICT_PROTOTYPES = YES;
				CLANG_WARN_SUSPICIOUS_MOVE = YES;
				CLANG_WARN_UNGUARDED_AVAILABILITY = YES_AGGRESSIVE;
				CLANG_WARN_UNREACHABLE_CODE = YES;
				CLANG_WARN__DUPLICATE_METHOD_MATCH = YES;
				COPY_PHASE_STRIP = NO;
				DEBUG_INFORMATION_FORMAT = "dwarf-with-dsym";
				ENABLE_NS_ASSERTIONS = NO;
				ENABLE_STRICT_OBJC_MSGSEND = YES;
				ENABLE_USER_SCRIPT_SANDBOXING = YES;
				GCC_C_LANGUAGE_STANDARD = gnu17;
				GCC_NO_COMMON_BLOCKS = YES;
				GCC_WARN_64_TO_32_BIT_CONVERSION = YES;
				GCC_WARN_ABOUT_RETURN_TYPE = YES_ERROR;
				GCC_WARN_UNDECLARED_SELECTOR = YES;
				GCC_WARN_UNINITIALIZED_AUTOS = YES_AGGRESSIVE;
				GCC_WARN_UNUSED_FUNCTION = YES;
				GCC_WARN_UNUSED_VARIABLE = YES;
				IPHONEOS_DEPLOYMENT_TARGET = 18.2;
				LOCALIZATION_PREFERS_STRING_CATALOGS = YES;
				MTL_ENABLE_DEBUG_INFO = NO;
				MTL_FAST_MATH = YES;
				SDKROOT = iphoneos;
				SWIFT_COMPILATION_MODE = wholemodule;
				VALIDATE_PRODUCT = YES;
			};
			name = Release;
		};
		045377C72D393B9900B09864 /* Debug */ = {
			isa = XCBuildConfiguration;
			buildSettings = {
				BUNDLE_LOADER = "$(TEST_HOST)";
				CODE_SIGN_STYLE = Automatic;
				CURRENT_PROJECT_VERSION = 1;
				GENERATE_INFOPLIST_FILE = YES;
				IPHONEOS_DEPLOYMENT_TARGET = 18.2;
				MARKETING_VERSION = 1.0;
				PRODUCT_BUNDLE_IDENTIFIER = clc.MyMovieAppNoftzTests;
				PRODUCT_NAME = "$(TARGET_NAME)";
				SWIFT_EMIT_LOC_STRINGS = NO;
				SWIFT_VERSION = 5.0;
				TARGETED_DEVICE_FAMILY = "1,2";
				TEST_HOST = "$(BUILT_PRODUCTS_DIR)/MyMovieAppNoftz.app/$(BUNDLE_EXECUTABLE_FOLDER_PATH)/MyMovieAppNoftz";
			};
			name = Debug;
		};
		045377C82D393B9900B09864 /* Release */ = {
			isa = XCBuildConfiguration;
			buildSettings = {
				BUNDLE_LOADER = "$(TEST_HOST)";
				CODE_SIGN_STYLE = Automatic;
				CURRENT_PROJECT_VERSION = 1;
				GENERATE_INFOPLIST_FILE = YES;
				IPHONEOS_DEPLOYMENT_TARGET = 18.2;
				MARKETING_VERSION = 1.0;
				PRODUCT_BUNDLE_IDENTIFIER = clc.MyMovieAppNoftzTests;
				PRODUCT_NAME = "$(TARGET_NAME)";
				SWIFT_EMIT_LOC_STRINGS = NO;
				SWIFT_VERSION = 5.0;
				TARGETED_DEVICE_FAMILY = "1,2";
				TEST_HOST = "$(BUILT_PRODUCTS_DIR)/MyMovieAppNoftz.app/$(BUNDLE_EXECUTABLE_FOLDER_PATH)/MyMovieAppNoftz";
			};
			name = Release;
		};
		045377CA2D393B9900B09864 /* Debug */ = {
			isa = XCBuildConfiguration;
			buildSettings = {
				CODE_SIGN_STYLE = Automatic;
				CURRENT_PROJECT_VERSION = 1;
				GENERATE_INFOPLIST_FILE = YES;
				MARKETING_VERSION = 1.0;
				PRODUCT_BUNDLE_IDENTIFIER = clc.MyMovieAppNoftzUITests;
				PRODUCT_NAME = "$(TARGET_NAME)";
				SWIFT_EMIT_LOC_STRINGS = NO;
				SWIFT_VERSION = 5.0;
				TARGETED_DEVICE_FAMILY = "1,2";
				TEST_TARGET_NAME = MyMovieAppNoftz;
			};
			name = Debug;
		};
		045377CB2D393B9900B09864 /* Release */ = {
			isa = XCBuildConfiguration;
			buildSettings = {
				CODE_SIGN_STYLE = Automatic;
				CURRENT_PROJECT_VERSION = 1;
				GENERATE_INFOPLIST_FILE = YES;
				MARKETING_VERSION = 1.0;
				PRODUCT_BUNDLE_IDENTIFIER = clc.MyMovieAppNoftzUITests;
				PRODUCT_NAME = "$(TARGET_NAME)";
				SWIFT_EMIT_LOC_STRINGS = NO;
				SWIFT_VERSION = 5.0;
				TARGETED_DEVICE_FAMILY = "1,2";
				TEST_TARGET_NAME = MyMovieAppNoftz;
			};
			name = Release;
		};
/* End XCBuildConfiguration section */

/* Begin XCConfigurationList section */
		045377932D393B9700B09864 /* Build configuration list for PBXProject "MyMovieAppNoftz" */ = {
			isa = XCConfigurationList;
			buildConfigurations = (
				045377C42D393B9900B09864 /* Debug */,
				045377C52D393B9900B09864 /* Release */,
			);
			defaultConfigurationIsVisible = 0;
			defaultConfigurationName = Release;
		};
		045377C12D393B9900B09864 /* Build configuration list for PBXNativeTarget "MyMovieAppNoftz" */ = {
			isa = XCConfigurationList;
			buildConfigurations = (
				045377C22D393B9900B09864 /* Debug */,
				045377C32D393B9900B09864 /* Release */,
			);
			defaultConfigurationIsVisible = 0;
			defaultConfigurationName = Release;
		};
		045377C62D393B9900B09864 /* Build configuration list for PBXNativeTarget "MyMovieAppNoftzTests" */ = {
			isa = XCConfigurationList;
			buildConfigurations = (
				045377C72D393B9900B09864 /* Debug */,
				045377C82D393B9900B09864 /* Release */,
			);
			defaultConfigurationIsVisible = 0;
			defaultConfigurationName = Release;
		};
		045377C92D393B9900B09864 /* Build configuration list for PBXNativeTarget "MyMovieAppNoftzUITests" */ = {
			isa = XCConfigurationList;
			buildConfigurations = (
				045377CA2D393B9900B09864 /* Debug */,
				045377CB2D393B9900B09864 /* Release */,
			);
			defaultConfigurationIsVisible = 0;
			defaultConfigurationName = Release;
		};
/* End XCConfigurationList section */
	};
	rootObject = 045377902D393B9700B09864 /* Project object */;
}
